
Microsoft Visual Studio Solution File, Format Version 12.00
# Visual Studio Version 16
VisualStudioVersion = 16.0.31112.23
MinimumVisualStudioVersion = 10.0.40219.1
Project("{FAE04EC0-301F-11D3-BF4B-00C04F79EFBC}") = "Калькулятор", "Калькулятор\Калькулятор.csproj", "{EC40F47C-FC14-4037-8860-0A2B793B0511}"
EndProject
Global
	GlobalSection(SolutionConfigurationPlatforms) = preSolution
		Debug|Any CPU = Debug|Any CPU
		Release|Any CPU = Release|Any CPU
	EndGlobalSection
	GlobalSection(ProjectConfigurationPlatforms) = postSolution
		{EC40F47C-FC14-4037-8860-0A2B793B0511}.Debug|Any CPU.ActiveCfg = Debug|Any CPU
		{EC40F47C-FC14-4037-8860-0A2B793B0511}.Debug|Any CPU.Build.0 = Debug|Any CPU
		{EC40F47C-FC14-4037-8860-0A2B793B0511}.Release|Any CPU.ActiveCfg = Release|Any CPU
		{EC40F47C-FC14-4037-8860-0A2B793B0511}.Release|Any CPU.Build.0 = Release|Any CPU
	EndGlobalSection
	GlobalSection(SolutionProperties) = preSolution
		HideSolutionNode = FALSE
	EndGlobalSection
	GlobalSection(ExtensibilityGlobals) = postSolution
		SolutionGuid = {3BAD6C13-8D34-40B0-BCA0-43E78CEB6467}
	EndGlobalSection
EndGlobal
